// !$*UTF8*$!
{
	archiveVersion = 1;
	classes = {
	};
	objectVersion = 48;
	objects = {

/* Begin PBXBuildFile section */
		BF6722E422FC1F45001CA356 /* AppDelegate.swift in Sources */ = {isa = PBXBuildFile; fileRef = BF6722E322FC1F45001CA356 /* AppDelegate.swift */; };
		BF6722E622FC1F45001CA356 /* ViewController.swift in Sources */ = {isa = PBXBuildFile; fileRef = BF6722E522FC1F45001CA356 /* ViewController.swift */; };
		BF6722E922FC1F45001CA356 /* Main.storyboard in Resources */ = {isa = PBXBuildFile; fileRef = BF6722E722FC1F45001CA356 /* Main.storyboard */; };
		BF6722EB22FC1F45001CA356 /* Assets.xcassets in Resources */ = {isa = PBXBuildFile; fileRef = BF6722EA22FC1F45001CA356 /* Assets.xcassets */; };
		BF6722EE22FC1F45001CA356 /* LaunchScreen.storyboard in Resources */ = {isa = PBXBuildFile; fileRef = BF6722EC22FC1F45001CA356 /* LaunchScreen.storyboard */; };
		BF6722F922FC1F45001CA356 /* pushmynotifsTests.swift in Sources */ = {isa = PBXBuildFile; fileRef = BF6722F822FC1F45001CA356 /* pushmynotifsTests.swift */; };
		BF67230422FC1FCA001CA356 /* GoogleService-Info.plist in Resources */ = {isa = PBXBuildFile; fileRef = BF67230322FC1FC6001CA356 /* GoogleService-Info.plist */; };
/* End PBXBuildFile section */

/* Begin PBXContainerItemProxy section */
		BF6722F522FC1F45001CA356 /* PBXContainerItemProxy */ = {
			isa = PBXContainerItemProxy;
			containerPortal = BF6722D822FC1F45001CA356 /* Project object */;
			proxyType = 1;
			remoteGlobalIDString = BF6722DF22FC1F45001CA356;
			remoteInfo = pushmynotifs;
		};
/* End PBXContainerItemProxy section */

/* Begin PBXFileReference section */
		BF6722E022FC1F45001CA356 /* pushmynotifs.app */ = {isa = PBXFileReference; explicitFileType = wrapper.application; includeInIndex = 0; path = pushmynotifs.app; sourceTree = BUILT_PRODUCTS_DIR; };
		BF6722E322FC1F45001CA356 /* AppDelegate.swift */ = {isa = PBXFileReference; lastKnownFileType = sourcecode.swift; path = AppDelegate.swift; sourceTree = "<group>"; };
		BF6722E522FC1F45001CA356 /* ViewController.swift */ = {isa = PBXFileReference; lastKnownFileType = sourcecode.swift; path = ViewController.swift; sourceTree = "<group>"; };
		BF6722E822FC1F45001CA356 /* Base */ = {isa = PBXFileReference; lastKnownFileType = file.storyboard; name = Base; path = Base.lproj/Main.storyboard; sourceTree = "<group>"; };
		BF6722EA22FC1F45001CA356 /* Assets.xcassets */ = {isa = PBXFileReference; lastKnownFileType = folder.assetcatalog; path = Assets.xcassets; sourceTree = "<group>"; };
		BF6722ED22FC1F45001CA356 /* Base */ = {isa = PBXFileReference; lastKnownFileType = file.storyboard; name = Base; path = Base.lproj/LaunchScreen.storyboard; sourceTree = "<group>"; };
		BF6722EF22FC1F45001CA356 /* Info.plist */ = {isa = PBXFileReference; lastKnownFileType = text.plist.xml; path = Info.plist; sourceTree = "<group>"; };
		BF6722F422FC1F45001CA356 /* pushmynotifsTests.xctest */ = {isa = PBXFileReference; explicitFileType = wrapper.cfbundle; includeInIndex = 0; path = pushmynotifsTests.xctest; sourceTree = BUILT_PRODUCTS_DIR; };
		BF6722F822FC1F45001CA356 /* pushmynotifsTests.swift */ = {isa = PBXFileReference; lastKnownFileType = sourcecode.swift; path = pushmynotifsTests.swift; sourceTree = "<group>"; };
		BF6722FA22FC1F45001CA356 /* Info.plist */ = {isa = PBXFileReference; lastKnownFileType = text.plist.xml; path = Info.plist; sourceTree = "<group>"; };
		BF67230322FC1FC6001CA356 /* GoogleService-Info.plist */ = {isa = PBXFileReference; lastKnownFileType = text.plist.xml; path = "GoogleService-Info.plist"; sourceTree = "<group>"; };
/* End PBXFileReference section */

/* Begin PBXFrameworksBuildPhase section */
		BF6722DD22FC1F45001CA356 /* Frameworks */ = {
			isa = PBXFrameworksBuildPhase;
			buildActionMask = 2147483647;
			files = (
			);
			runOnlyForDeploymentPostprocessing = 0;
		};
		BF6722F122FC1F45001CA356 /* Frameworks */ = {
			isa = PBXFrameworksBuildPhase;
			buildActionMask = 2147483647;
			files = (
			);
			runOnlyForDeploymentPostprocessing = 0;
		};
/* End PBXFrameworksBuildPhase section */

/* Begin PBXGroup section */
		BF6722D722FC1F45001CA356 = {
			isa = PBXGroup;
			children = (
				BF6722E222FC1F45001CA356 /* pushmynotifs */,
				BF6722F722FC1F45001CA356 /* pushmynotifsTests */,
				BF6722E122FC1F45001CA356 /* Products */,
			);
			sourceTree = "<group>";
		};
		BF6722E122FC1F45001CA356 /* Products */ = {
			isa = PBXGroup;
			children = (
				BF6722E022FC1F45001CA356 /* pushmynotifs.app */,
				BF6722F422FC1F45001CA356 /* pushmynotifsTests.xctest */,
			);
			name = Products;
			sourceTree = "<group>";
		};
		BF6722E222FC1F45001CA356 /* pushmynotifs */ = {
			isa = PBXGroup;
			children = (
				BF6722E322FC1F45001CA356 /* AppDelegate.swift */,
				BF6722E522FC1F45001CA356 /* ViewController.swift */,
				BF6722E722FC1F45001CA356 /* Main.storyboard */,
				BF6722EA22FC1F45001CA356 /* Assets.xcassets */,
				BF6722EC22FC1F45001CA356 /* LaunchScreen.storyboard */,
				BF67230322FC1FC6001CA356 /* GoogleService-Info.plist */,
				BF6722EF22FC1F45001CA356 /* Info.plist */,
			);
			path = pushmynotifs;
			sourceTree = "<group>";
		};
		BF6722F722FC1F45001CA356 /* pushmynotifsTests */ = {
			isa = PBXGroup;
			children = (
				BF6722F822FC1F45001CA356 /* pushmynotifsTests.swift */,
				BF6722FA22FC1F45001CA356 /* Info.plist */,
			);
			path = pushmynotifsTests;
			sourceTree = "<group>";
		};
/* End PBXGroup section */

/* Begin PBXNativeTarget section */
		BF6722DF22FC1F45001CA356 /* pushmynotifs */ = {
			isa = PBXNativeTarget;
			buildConfigurationList = BF6722FD22FC1F45001CA356 /* Build configuration list for PBXNativeTarget "pushmynotifs" */;
			buildPhases = (
				BF6722DC22FC1F45001CA356 /* Sources */,
				BF6722DD22FC1F45001CA356 /* Frameworks */,
				BF6722DE22FC1F45001CA356 /* Resources */,
			);
			buildRules = (
			);
			dependencies = (
			);
			name = pushmynotifs;
			productName = pushmynotifs;
			productReference = BF6722E022FC1F45001CA356 /* pushmynotifs.app */;
			productType = "com.apple.product-type.application";
		};
		BF6722F322FC1F45001CA356 /* pushmynotifsTests */ = {
			isa = PBXNativeTarget;
			buildConfigurationList = BF67230022FC1F45001CA356 /* Build configuration list for PBXNativeTarget "pushmynotifsTests" */;
			buildPhases = (
				BF6722F022FC1F45001CA356 /* Sources */,
				BF6722F122FC1F45001CA356 /* Frameworks */,
				BF6722F222FC1F45001CA356 /* Resources */,
			);
			buildRules = (
			);
			dependencies = (
				BF6722F622FC1F45001CA356 /* PBXTargetDependency */,
			);
			name = pushmynotifsTests;
			productName = pushmynotifsTests;
			productReference = BF6722F422FC1F45001CA356 /* pushmynotifsTests.xctest */;
			productType = "com.apple.product-type.bundle.unit-test";
		};
/* End PBXNativeTarget section */

/* Begin PBXProject section */
		BF6722D822FC1F45001CA356 /* Project object */ = {
			isa = PBXProject;
			attributes = {
				LastSwiftUpdateCheck = 0900;
				LastUpgradeCheck = 0900;
				ORGANIZATIONNAME = "Luis Santos";
				TargetAttributes = {
					BF6722DF22FC1F45001CA356 = {
						CreatedOnToolsVersion = 9.0;
						ProvisioningStyle = Automatic;
					};
					BF6722F322FC1F45001CA356 = {
						CreatedOnToolsVersion = 9.0;
						ProvisioningStyle = Automatic;
						TestTargetID = BF6722DF22FC1F45001CA356;
					};
				};
			};
			buildConfigurationList = BF6722DB22FC1F45001CA356 /* Build configuration list for PBXProject "pushmynotifs" */;
			compatibilityVersion = "Xcode 8.0";
			developmentRegion = en;
			hasScannedForEncodings = 0;
			knownRegions = (
				en,
				Base,
			);
			mainGroup = BF6722D722FC1F45001CA356;
			productRefGroup = BF6722E122FC1F45001CA356 /* Products */;
			projectDirPath = "";
			projectRoot = "";
			targets = (
				BF6722DF22FC1F45001CA356 /* pushmynotifs */,
				BF6722F322FC1F45001CA356 /* pushmynotifsTests */,
			);
		};
/* End PBXProject section */

/* Begin PBXResourcesBuildPhase section */
		BF6722DE22FC1F45001CA356 /* Resources */ = {
			isa = PBXResourcesBuildPhase;
			buildActionMask = 2147483647;
			files = (
				BF6722EE22FC1F45001CA356 /* LaunchScreen.storyboard in Resources */,
				BF67230422FC1FCA001CA356 /* GoogleService-Info.plist in Resources */,
				BF6722EB22FC1F45001CA356 /* Assets.xcassets in Resources */,
				BF6722E922FC1F45001CA356 /* Main.storyboard in Resources */,
			);
			runOnlyForDeploymentPostprocessing = 0;
		};
		BF6722F222FC1F45001CA356 /* Resources */ = {
			isa = PBXResourcesBuildPhase;
			buildActionMask = 2147483647;
			files = (
			);
			runOnlyForDeploymentPostprocessing = 0;
		};
/* End PBXResourcesBuildPhase section */

/* Begin PBXSourcesBuildPhase section */
		BF6722DC22FC1F45001CA356 /* Sources */ = {
			isa = PBXSourcesBuildPhase;
			buildActionMask = 2147483647;
			files = (
				BF6722E622FC1F45001CA356 /* ViewController.swift in Sources */,
				BF6722E422FC1F45001CA356 /* AppDelegate.swift in Sources */,
			);
			runOnlyForDeploymentPostprocessing = 0;
		};
		BF6722F022FC1F45001CA356 /* Sources */ = {
			isa = PBXSourcesBuildPhase;
			buildActionMask = 2147483647;
			files = (
				BF6722F922FC1F45001CA356 /* pushmynotifsTests.swift in Sources */,
			);
			runOnlyForDeploymentPostprocessing = 0;
		};
/* End PBXSourcesBuildPhase section */

/* Begin PBXTargetDependency section */
		BF6722F622FC1F45001CA356 /* PBXTargetDependency */ = {
			isa = PBXTargetDependency;
			target = BF6722DF22FC1F45001CA356 /* pushmynotifs */;
			targetProxy = BF6722F522FC1F45001CA356 /* PBXContainerItemProxy */;
		};
/* End PBXTargetDependency section */

/* Begin PBXVariantGroup section */
		BF6722E722FC1F45001CA356 /* Main.storyboard */ = {
			isa = PBXVariantGroup;
			children = (
				BF6722E822FC1F45001CA356 /* Base */,
			);
			name = Main.storyboard;
			sourceTree = "<group>";
		};
		BF6722EC22FC1F45001CA356 /* LaunchScreen.storyboard */ = {
			isa = PBXVariantGroup;
			children = (
				BF6722ED22FC1F45001CA356 /* Base */,
			);
			name = LaunchScreen.storyboard;
			sourceTree = "<group>";
		};
/* End PBXVariantGroup section */

/* Begin XCBuildConfiguration section */
		BF6722FB22FC1F45001CA356 /* Debug */ = {
			isa = XCBuildConfiguration;
			buildSettings = {
				ALWAYS_SEARCH_USER_PATHS = NO;
				CLANG_ANALYZER_NONNULL = YES;
				CLANG_ANALYZER_NUMBER_OBJECT_CONVERSION = YES_AGGRESSIVE;
				CLANG_CXX_LANGUAGE_STANDARD = "gnu++14";
				CLANG_CXX_LIBRARY = "libc++";
				CLANG_ENABLE_MODULES = YES;
				CLANG_ENABLE_OBJC_ARC = YES;
				CLANG_WARN_BLOCK_CAPTURE_AUTORELEASING = YES;
				CLANG_WARN_BOOL_CONVERSION = YES;
				CLANG_WARN_COMMA = YES;
				CLANG_WARN_CONSTANT_CONVERSION = YES;
				CLANG_WARN_DIRECT_OBJC_ISA_USAGE = YES_ERROR;
				CLANG_WARN_DOCUMENTATION_COMMENTS = YES;
				CLANG_WARN_EMPTY_BODY = YES;
				CLANG_WARN_ENUM_CONVERSION = YES;
				CLANG_WARN_INFINITE_RECURSION = YES;
				CLANG_WARN_INT_CONVERSION = YES;
				CLANG_WARN_NON_LITERAL_NULL_CONVERSION = YES;
				CLANG_WARN_OBJC_LITERAL_CONVERSION = YES;
				CLANG_WARN_OBJC_ROOT_CLASS = YES_ERROR;
				CLANG_WARN_RANGE_LOOP_ANALYSIS = YES;
				CLANG_WARN_STRICT_PROTOTYPES = YES;
				CLANG_WARN_SUSPICIOUS_MOVE = YES;
				CLANG_WARN_UNGUARDED_AVAILABILITY = YES_AGGRESSIVE;
				CLANG_WARN_UNREACHABLE_CODE = YES;
				CLANG_WARN__DUPLICATE_METHOD_MATCH = YES;
				CODE_SIGN_IDENTITY = "iPhone Developer";
				COPY_PHASE_STRIP = NO;
				DEBUG_INFORMATION_FORMAT = dwarf;
				ENABLE_STRICT_OBJC_MSGSEND = YES;
				ENABLE_TESTABILITY = YES;
				GCC_C_LANGUAGE_STANDARD = gnu11;
				GCC_DYNAMIC_NO_PIC = NO;
				GCC_NO_COMMON_BLOCKS = YES;
				GCC_OPTIMIZATION_LEVEL = 0;
				GCC_PREPROCESSOR_DEFINITIONS = (
					"DEBUG=1",
					"$(inherited)",
				);
				GCC_WARN_64_TO_32_BIT_CONVERSION = YES;
				GCC_WARN_ABOUT_RETURN_TYPE = YES_ERROR;
				GCC_WARN_UNDECLARED_SELECTOR = YES;
				GCC_WARN_UNINITIALIZED_AUTOS = YES_AGGRESSIVE;
				GCC_WARN_UNUSED_FUNCTION = YES;
				GCC_WARN_UNUSED_VARIABLE = YES;
				IPHONEOS_DEPLOYMENT_TARGET = 11.0;
				MTL_ENABLE_DEBUG_INFO = YES;
				ONLY_ACTIVE_ARCH = YES;
				SDKROOT = iphoneos;
				SWIFT_ACTIVE_COMPILATION_CONDITIONS = DEBUG;
				SWIFT_OPTIMIZATION_LEVEL = "-Onone";
			};
			name = Debug;
		};
		BF6722FC22FC1F45001CA356 /* Release */ = {
			isa = XCBuildConfiguration;
			buildSettings = {
				ALWAYS_SEARCH_USER_PATHS = NO;
				CLANG_ANALYZER_NONNULL = YES;
				CLANG_ANALYZER_NUMBER_OBJECT_CONVERSION = YES_AGGRESSIVE;
				CLANG_CXX_LANGUAGE_STANDARD = "gnu++14";
				CLANG_CXX_LIBRARY = "libc++";
				CLANG_ENABLE_MODULES = YES;
				CLANG_ENABLE_OBJC_ARC = YES;
				CLANG_WARN_BLOCK_CAPTURE_AUTORELEASING = YES;
				CLANG_WARN_BOOL_CONVERSION = YES;
				CLANG_WARN_COMMA = YES;
				CLANG_WARN_CONSTANT_CONVERSION = YES;
				CLANG_WARN_DIRECT_OBJC_ISA_USAGE = YES_ERROR;
				CLANG_WARN_DOCUMENTATION_COMMENTS = YES;
				CLANG_WARN_EMPTY_BODY = YES;
				CLANG_WARN_ENUM_CONVERSION = YES;
				CLANG_WARN_INFINITE_RECURSION = YES;
				CLANG_WARN_INT_CONVERSION = YES;
				CLANG_WARN_NON_LITERAL_NULL_CONVERSION = YES;
				CLANG_WARN_OBJC_LITERAL_CONVERSION = YES;
				CLANG_WARN_OBJC_ROOT_CLASS = YES_ERROR;
				CLANG_WARN_RANGE_LOOP_ANALYSIS = YES;
				CLANG_WARN_STRICT_PROTOTYPES = YES;
				CLANG_WARN_SUSPICIOUS_MOVE = YES;
				CLANG_WARN_UNGUARDED_AVAILABILITY = YES_AGGRESSIVE;
				CLANG_WARN_UNREACHABLE_CODE = YES;
				CLANG_WARN__DUPLICATE_METHOD_MATCH = YES;
				CODE_SIGN_IDENTITY = "iPhone Developer";
				COPY_PHASE_STRIP = NO;
				DEBUG_INFORMATION_FORMAT = "dwarf-with-dsym";
				ENABLE_NS_ASSERTIONS = NO;
				ENABLE_STRICT_OBJC_MSGSEND = YES;
				GCC_C_LANGUAGE_STANDARD = gnu11;
				GCC_NO_COMMON_BLOCKS = YES;
				GCC_WARN_64_TO_32_BIT_CONVERSION = YES;
				GCC_WARN_ABOUT_RETURN_TYPE = YES_ERROR;
				GCC_WARN_UNDECLARED_SELECTOR = YES;
				GCC_WARN_UNINITIALIZED_AUTOS = YES_AGGRESSIVE;
				GCC_WARN_UNUSED_FUNCTION = YES;
				GCC_WARN_UNUSED_VARIABLE = YES;
				IPHONEOS_DEPLOYMENT_TARGET = 11.0;
				MTL_ENABLE_DEBUG_INFO = NO;
				SDKROOT = iphoneos;
				SWIFT_OPTIMIZATION_LEVEL = "-Owholemodule";
				VALIDATE_PRODUCT = YES;
			};
			name = Release;
		};
		BF6722FE22FC1F45001CA356 /* Debug */ = {
			isa = XCBuildConfiguration;
			buildSettings = {
				ASSETCATALOG_COMPILER_APPICON_NAME = AppIcon;
				CODE_SIGN_STYLE = Automatic;
				INFOPLIST_FILE = pushmynotifs/Info.plist;
				LD_RUNPATH_SEARCH_PATHS = "$(inherited) @executable_path/Frameworks";
				PRODUCT_BUNDLE_IDENTIFIER = com.lfsantos.pushmynotifs;
				PRODUCT_NAME = "$(TARGET_NAME)";
				SWIFT_VERSION = 4.0;
				TARGETED_DEVICE_FAMILY = "1,2";
			};
			name = Debug;
		};
		BF6722FF22FC1F45001CA356 /* Release */ = {
			isa = XCBuildConfiguration;
			buildSettings = {
				ASSETCATALOG_COMPILER_APPICON_NAME = AppIcon;
				CODE_SIGN_STYLE = Automatic;
				INFOPLIST_FILE = pushmynotifs/Info.plist;
				LD_RUNPATH_SEARCH_PATHS = "$(inherited) @executable_path/Frameworks";
				PRODUCT_BUNDLE_IDENTIFIER = com.lfsantos.pushmynotifs;
				PRODUCT_NAME = "$(TARGET_NAME)";
				SWIFT_VERSION = 4.0;
				TARGETED_DEVICE_FAMILY = "1,2";
			};
			name = Release;
		};
		BF67230122FC1F45001CA356 /* Debug */ = {
			isa = XCBuildConfiguration;
			buildSettings = {
				ALWAYS_EMBED_SWIFT_STANDARD_LIBRARIES = YES;
				BUNDLE_LOADER = "$(TEST_HOST)";
				CODE_SIGN_STYLE = Automatic;
				INFOPLIST_FILE = pushmynotifsTests/Info.plist;
				LD_RUNPATH_SEARCH_PATHS = "$(inherited) @executable_path/Frameworks @loader_path/Frameworks";
				PRODUCT_BUNDLE_IDENTIFIER = com.lfsantos.pushmynotifsTests;
				PRODUCT_NAME = "$(TARGET_NAME)";
				SWIFT_VERSION = 4.0;
				TARGETED_DEVICE_FAMILY = "1,2";
				TEST_HOST = "$(BUILT_PRODUCTS_DIR)/pushmynotifs.app/pushmynotifs";
			};
			name = Debug;
		};
		BF67230222FC1F45001CA356 /* Release */ = {
			isa = XCBuildConfiguration;
			buildSettings = {
				ALWAYS_EMBED_SWIFT_STANDARD_LIBRARIES = YES;
				BUNDLE_LOADER = "$(TEST_HOST)";
				CODE_SIGN_STYLE = Automatic;
				INFOPLIST_FILE = pushmynotifsTests/Info.plist;
				LD_RUNPATH_SEARCH_PATHS = "$(inherited) @executable_path/Frameworks @loader_path/Frameworks";
				PRODUCT_BUNDLE_IDENTIFIER = com.lfsantos.pushmynotifsTests;
				PRODUCT_NAME = "$(TARGET_NAME)";
				SWIFT_VERSION = 4.0;
				TARGETED_DEVICE_FAMILY = "1,2";
				TEST_HOST = "$(BUILT_PRODUCTS_DIR)/pushmynotifs.app/pushmynotifs";
			};
			name = Release;
		};
/* End XCBuildConfiguration section */

/* Begin XCConfigurationList section */
		BF6722DB22FC1F45001CA356 /* Build configuration list for PBXProject "pushmynotifs" */ = {
			isa = XCConfigurationList;
			buildConfigurations = (
				BF6722FB22FC1F45001CA356 /* Debug */,
				BF6722FC22FC1F45001CA356 /* Release */,
			);
			defaultConfigurationIsVisible = 0;
			defaultConfigurationName = Release;
		};
		BF6722FD22FC1F45001CA356 /* Build configuration list for PBXNativeTarget "pushmynotifs" */ = {
			isa = XCConfigurationList;
			buildConfigurations = (
				BF6722FE22FC1F45001CA356 /* Debug */,
				BF6722FF22FC1F45001CA356 /* Release */,
			);
			defaultConfigurationIsVisible = 0;
			defaultConfigurationName = Release;
		};
		BF67230022FC1F45001CA356 /* Build configuration list for PBXNativeTarget "pushmynotifsTests" */ = {
			isa = XCConfigurationList;
			buildConfigurations = (
				BF67230122FC1F45001CA356 /* Debug */,
				BF67230222FC1F45001CA356 /* Release */,
			);
			defaultConfigurationIsVisible = 0;
			defaultConfigurationName = Release;
		};
/* End XCConfigurationList section */
	};
	rootObject = BF6722D822FC1F45001CA356 /* Project object */;
}
